
Microsoft Visual Studio Solution File, Format Version 12.00
# Visual Studio 15
VisualStudioVersion = 15.0.27703.2000
MinimumVisualStudioVersion = 10.0.40219.1
Project("{FAE04EC0-301F-11D3-BF4B-00C04F79EFBC}") = "SiemensWebAPI", "SiemensWebAPI\SiemensWebAPI.csproj", "{08F8088E-6A98-4593-9EB7-B54167970B4C}"
EndProject
Global
	GlobalSection(SolutionConfigurationPlatforms) = preSolution
		Debug|Any CPU = Debug|Any CPU
		Release|Any CPU = Release|Any CPU
	EndGlobalSection
	GlobalSection(ProjectConfigurationPlatforms) = postSolution
		{08F8088E-6A98-4593-9EB7-B54167970B4C}.Debug|Any CPU.ActiveCfg = Debug|Any CPU
		{08F8088E-6A98-4593-9EB7-B54167970B4C}.Debug|Any CPU.Build.0 = Debug|Any CPU
		{08F8088E-6A98-4593-9EB7-B54167970B4C}.Release|Any CPU.ActiveCfg = Release|Any CPU
		{08F8088E-6A98-4593-9EB7-B54167970B4C}.Release|Any CPU.Build.0 = Release|Any CPU
	EndGlobalSection
	GlobalSection(SolutionProperties) = preSolution
		HideSolutionNode = FALSE
	EndGlobalSection
	GlobalSection(ExtensibilityGlobals) = postSolution
		SolutionGuid = {3D9F8A9C-6DFD-4B85-937E-948870501460}
	EndGlobalSection
EndGlobal
